// !$*UTF8*$!
{
	archiveVersion = 1;
	classes = {
	};
	objectVersion = 56;
	objects = {

/* Begin PBXBuildFile section */
		FF4FF4582BA8EE7D00B829DC /* AppDelegate.swift in Sources */ = {isa = PBXBuildFile; fileRef = FF4FF4572BA8EE7D00B829DC /* AppDelegate.swift */; };
		FF4FF45A2BA8EE7D00B829DC /* SceneDelegate.swift in Sources */ = {isa = PBXBuildFile; fileRef = FF4FF4592BA8EE7D00B829DC /* SceneDelegate.swift */; };
		FF4FF45C2BA8EE7D00B829DC /* ViewController.swift in Sources */ = {isa = PBXBuildFile; fileRef = FF4FF45B2BA8EE7D00B829DC /* ViewController.swift */; };
		FF4FF45F2BA8EE7D00B829DC /* Base in Resources */ = {isa = PBXBuildFile; fileRef = FF4FF45E2BA8EE7D00B829DC /* Base */; };
		FF4FF4612BA8EE7E00B829DC /* Assets.xcassets in Resources */ = {isa = PBXBuildFile; fileRef = FF4FF4602BA8EE7E00B829DC /* Assets.xcassets */; };
		FF4FF4642BA8EE7E00B829DC /* Base in Resources */ = {isa = PBXBuildFile; fileRef = FF4FF4632BA8EE7E00B829DC /* Base */; };
		FF4FF46C2BA8F36900B829DC /* ExampleViewController.swift in Sources */ = {isa = PBXBuildFile; fileRef = FF4FF46B2BA8F36900B829DC /* ExampleViewController.swift */; };
		FFEB4E802BB2F13E00662FDB /* Documentation.docc in Sources */ = {isa = PBXBuildFile; fileRef = FFEB4E7F2BB2F13E00662FDB /* Documentation.docc */; };
/* End PBXBuildFile section */

/* Begin PBXFileReference section */
		FF4FF4542BA8EE7D00B829DC /* doccTest.app */ = {isa = PBXFileReference; explicitFileType = wrapper.application; includeInIndex = 0; path = doccTest.app; sourceTree = BUILT_PRODUCTS_DIR; };
		FF4FF4572BA8EE7D00B829DC /* AppDelegate.swift */ = {isa = PBXFileReference; lastKnownFileType = sourcecode.swift; path = AppDelegate.swift; sourceTree = "<group>"; };
		FF4FF4592BA8EE7D00B829DC /* SceneDelegate.swift */ = {isa = PBXFileReference; lastKnownFileType = sourcecode.swift; path = SceneDelegate.swift; sourceTree = "<group>"; };
		FF4FF45B2BA8EE7D00B829DC /* ViewController.swift */ = {isa = PBXFileReference; lastKnownFileType = sourcecode.swift; path = ViewController.swift; sourceTree = "<group>"; };
		FF4FF45E2BA8EE7D00B829DC /* Base */ = {isa = PBXFileReference; lastKnownFileType = file.storyboard; name = Base; path = Base.lproj/Main.storyboard; sourceTree = "<group>"; };
		FF4FF4602BA8EE7E00B829DC /* Assets.xcassets */ = {isa = PBXFileReference; lastKnownFileType = folder.assetcatalog; path = Assets.xcassets; sourceTree = "<group>"; };
		FF4FF4632BA8EE7E00B829DC /* Base */ = {isa = PBXFileReference; lastKnownFileType = file.storyboard; name = Base; path = Base.lproj/LaunchScreen.storyboard; sourceTree = "<group>"; };
		FF4FF4652BA8EE7E00B829DC /* Info.plist */ = {isa = PBXFileReference; lastKnownFileType = text.plist.xml; path = Info.plist; sourceTree = "<group>"; };
		FF4FF46B2BA8F36900B829DC /* ExampleViewController.swift */ = {isa = PBXFileReference; lastKnownFileType = sourcecode.swift; path = ExampleViewController.swift; sourceTree = "<group>"; };
		FFEB4E7F2BB2F13E00662FDB /* Documentation.docc */ = {isa = PBXFileReference; lastKnownFileType = folder.documentationcatalog; path = Documentation.docc; sourceTree = "<group>"; };
/* End PBXFileReference section */

/* Begin PBXFrameworksBuildPhase section */
		FF4FF4512BA8EE7D00B829DC /* Frameworks */ = {
			isa = PBXFrameworksBuildPhase;
			buildActionMask = 2147483647;
			files = (
			);
			runOnlyForDeploymentPostprocessing = 0;
		};
/* End PBXFrameworksBuildPhase section */

/* Begin PBXGroup section */
		FF4FF44B2BA8EE7D00B829DC = {
			isa = PBXGroup;
			children = (
				FF4FF4562BA8EE7D00B829DC /* doccTest */,
				FF4FF4552BA8EE7D00B829DC /* Products */,
			);
			sourceTree = "<group>";
		};
		FF4FF4552BA8EE7D00B829DC /* Products */ = {
			isa = PBXGroup;
			children = (
				FF4FF4542BA8EE7D00B829DC /* doccTest.app */,
			);
			name = Products;
			sourceTree = "<group>";
		};
		FF4FF4562BA8EE7D00B829DC /* doccTest */ = {
			isa = PBXGroup;
			children = (
				FF4FF4572BA8EE7D00B829DC /* AppDelegate.swift */,
				FF4FF4592BA8EE7D00B829DC /* SceneDelegate.swift */,
				FF4FF46B2BA8F36900B829DC /* ExampleViewController.swift */,
				FF4FF45B2BA8EE7D00B829DC /* ViewController.swift */,
				FF4FF45D2BA8EE7D00B829DC /* Main.storyboard */,
				FF4FF4602BA8EE7E00B829DC /* Assets.xcassets */,
				FF4FF4622BA8EE7E00B829DC /* LaunchScreen.storyboard */,
				FF4FF4652BA8EE7E00B829DC /* Info.plist */,
				FFEB4E7F2BB2F13E00662FDB /* Documentation.docc */,
			);
			path = doccTest;
			sourceTree = "<group>";
		};
/* End PBXGroup section */

/* Begin PBXNativeTarget section */
		FF4FF4532BA8EE7D00B829DC /* doccTest */ = {
			isa = PBXNativeTarget;
			buildConfigurationList = FF4FF4682BA8EE7E00B829DC /* Build configuration list for PBXNativeTarget "doccTest" */;
			buildPhases = (
				FF4FF4502BA8EE7D00B829DC /* Sources */,
				FF4FF4512BA8EE7D00B829DC /* Frameworks */,
				FF4FF4522BA8EE7D00B829DC /* Resources */,
			);
			buildRules = (
			);
			dependencies = (
			);
			name = doccTest;
			productName = doccTest;
			productReference = FF4FF4542BA8EE7D00B829DC /* doccTest.app */;
			productType = "com.apple.product-type.application";
		};
/* End PBXNativeTarget section */

/* Begin PBXProject section */
		FF4FF44C2BA8EE7D00B829DC /* Project object */ = {
			isa = PBXProject;
			attributes = {
				BuildIndependentTargetsInParallel = 1;
				LastSwiftUpdateCheck = 1530;
				LastUpgradeCheck = 1530;
				TargetAttributes = {
					FF4FF4532BA8EE7D00B829DC = {
						CreatedOnToolsVersion = 15.3;
					};
				};
			};
			buildConfigurationList = FF4FF44F2BA8EE7D00B829DC /* Build configuration list for PBXProject "doccTest" */;
			compatibilityVersion = "Xcode 14.0";
			developmentRegion = en;
			hasScannedForEncodings = 0;
			knownRegions = (
				en,
				Base,
			);
			mainGroup = FF4FF44B2BA8EE7D00B829DC;
			productRefGroup = FF4FF4552BA8EE7D00B829DC /* Products */;
			projectDirPath = "";
			projectRoot = "";
			targets = (
				FF4FF4532BA8EE7D00B829DC /* doccTest */,
			);
		};
/* End PBXProject section */

/* Begin PBXResourcesBuildPhase section */
		FF4FF4522BA8EE7D00B829DC /* Resources */ = {
			isa = PBXResourcesBuildPhase;
			buildActionMask = 2147483647;
			files = (
				FF4FF4612BA8EE7E00B829DC /* Assets.xcassets in Resources */,
				FF4FF4642BA8EE7E00B829DC /* Base in Resources */,
				FF4FF45F2BA8EE7D00B829DC /* Base in Resources */,
			);
			runOnlyForDeploymentPostprocessing = 0;
		};
/* End PBXResourcesBuildPhase section */

/* Begin PBXSourcesBuildPhase section */
		FF4FF4502BA8EE7D00B829DC /* Sources */ = {
			isa = PBXSourcesBuildPhase;
			buildActionMask = 2147483647;
			files = (
				FF4FF45C2BA8EE7D00B829DC /* ViewController.swift in Sources */,
				FF4FF46C2BA8F36900B829DC /* ExampleViewController.swift in Sources */,
				FF4FF4582BA8EE7D00B829DC /* AppDelegate.swift in Sources */,
				FFEB4E802BB2F13E00662FDB /* Documentation.docc in Sources */,
				FF4FF45A2BA8EE7D00B829DC /* SceneDelegate.swift in Sources */,
			);
			runOnlyForDeploymentPostprocessing = 0;
		};
/* End PBXSourcesBuildPhase section */

/* Begin PBXVariantGroup section */
		FF4FF45D2BA8EE7D00B829DC /* Main.storyboard */ = {
			isa = PBXVariantGroup;
			children = (
				FF4FF45E2BA8EE7D00B829DC /* Base */,
			);
			name = Main.storyboard;
			sourceTree = "<group>";
		};
		FF4FF4622BA8EE7E00B829DC /* LaunchScreen.storyboard */ = {
			isa = PBXVariantGroup;
			children = (
				FF4FF4632BA8EE7E00B829DC /* Base */,
			);
			name = LaunchScreen.storyboard;
			sourceTree = "<group>";
		};
/* End PBXVariantGroup section */

/* Begin XCBuildConfiguration section */
		FF4FF4662BA8EE7E00B829DC /* Debug */ = {
			isa = XCBuildConfiguration;
			buildSettings = {
				ALWAYS_SEARCH_USER_PATHS = NO;
				ASSETCATALOG_COMPILER_GENERATE_SWIFT_ASSET_SYMBOL_EXTENSIONS = YES;
				CLANG_ANALYZER_NONNULL = YES;
				CLANG_ANALYZER_NUMBER_OBJECT_CONVERSION = YES_AGGRESSIVE;
				CLANG_CXX_LANGUAGE_STANDARD = "gnu++20";
				CLANG_ENABLE_MODULES = YES;
				CLANG_ENABLE_OBJC_ARC = YES;
				CLANG_ENABLE_OBJC_WEAK = YES;
				CLANG_WARN_BLOCK_CAPTURE_AUTORELEASING = YES;
				CLANG_WARN_BOOL_CONVERSION = YES;
				CLANG_WARN_COMMA = YES;
				CLANG_WARN_CONSTANT_CONVERSION = YES;
				CLANG_WARN_DEPRECATED_OBJC_IMPLEMENTATIONS = YES;
				CLANG_WARN_DIRECT_OBJC_ISA_USAGE = YES_ERROR;
				CLANG_WARN_DOCUMENTATION_COMMENTS = YES;
				CLANG_WARN_EMPTY_BODY = YES;
				CLANG_WARN_ENUM_CONVERSION = YES;
				CLANG_WARN_INFINITE_RECURSION = YES;
				CLANG_WARN_INT_CONVERSION = YES;
				CLANG_WARN_NON_LITERAL_NULL_CONVERSION = YES;
				CLANG_WARN_OBJC_IMPLICIT_RETAIN_SELF = YES;
				CLANG_WARN_OBJC_LITERAL_CONVERSION = YES;
				CLANG_WARN_OBJC_ROOT_CLASS = YES_ERROR;
				CLANG_WARN_QUOTED_INCLUDE_IN_FRAMEWORK_HEADER = YES;
				CLANG_WARN_RANGE_LOOP_ANALYSIS = YES;
				CLANG_WARN_STRICT_PROTOTYPES = YES;
				CLANG_WARN_SUSPICIOUS_MOVE = YES;
				CLANG_WARN_UNGUARDED_AVAILABILITY = YES_AGGRESSIVE;
				CLANG_WARN_UNREACHABLE_CODE = YES;
				CLANG_WARN__DUPLICATE_METHOD_MATCH = YES;
				COPY_PHASE_STRIP = NO;
				DEBUG_INFORMATION_FORMAT = dwarf;
				ENABLE_STRICT_OBJC_MSGSEND = YES;
				ENABLE_TESTABILITY = YES;
				ENABLE_USER_SCRIPT_SANDBOXING = YES;
				GCC_C_LANGUAGE_STANDARD = gnu17;
				GCC_DYNAMIC_NO_PIC = NO;
				GCC_NO_COMMON_BLOCKS = YES;
				GCC_OPTIMIZATION_LEVEL = 0;
				GCC_PREPROCESSOR_DEFINITIONS = (
					"DEBUG=1",
					"$(inherited)",
				);
				GCC_WARN_64_TO_32_BIT_CONVERSION = YES;
				GCC_WARN_ABOUT_RETURN_TYPE = YES_ERROR;
				GCC_WARN_UNDECLARED_SELECTOR = YES;
				GCC_WARN_UNINITIALIZED_AUTOS = YES_AGGRESSIVE;
				GCC_WARN_UNUSED_FUNCTION = YES;
				GCC_WARN_UNUSED_VARIABLE = YES;
				IPHONEOS_DEPLOYMENT_TARGET = 17.4;
				LOCALIZATION_PREFERS_STRING_CATALOGS = YES;
				MTL_ENABLE_DEBUG_INFO = INCLUDE_SOURCE;
				MTL_FAST_MATH = YES;
				ONLY_ACTIVE_ARCH = YES;
				SDKROOT = iphoneos;
				SWIFT_ACTIVE_COMPILATION_CONDITIONS = "DEBUG $(inherited)";
				SWIFT_OPTIMIZATION_LEVEL = "-Onone";
			};
			name = Debug;
		};
		FF4FF4672BA8EE7E00B829DC /* Release */ = {
			isa = XCBuildConfiguration;
			buildSettings = {
				ALWAYS_SEARCH_USER_PATHS = NO;
				ASSETCATALOG_COMPILER_GENERATE_SWIFT_ASSET_SYMBOL_EXTENSIONS = YES;
				CLANG_ANALYZER_NONNULL = YES;
				CLANG_ANALYZER_NUMBER_OBJECT_CONVERSION = YES_AGGRESSIVE;
				CLANG_CXX_LANGUAGE_STANDARD = "gnu++20";
				CLANG_ENABLE_MODULES = YES;
				CLANG_ENABLE_OBJC_ARC = YES;
				CLANG_ENABLE_OBJC_WEAK = YES;
				CLANG_WARN_BLOCK_CAPTURE_AUTORELEASING = YES;
				CLANG_WARN_BOOL_CONVERSION = YES;
				CLANG_WARN_COMMA = YES;
				CLANG_WARN_CONSTANT_CONVERSION = YES;
				CLANG_WARN_DEPRECATED_OBJC_IMPLEMENTATIONS = YES;
				CLANG_WARN_DIRECT_OBJC_ISA_USAGE = YES_ERROR;
				CLANG_WARN_DOCUMENTATION_COMMENTS = YES;
				CLANG_WARN_EMPTY_BODY = YES;
				CLANG_WARN_ENUM_CONVERSION = YES;
				CLANG_WARN_INFINITE_RECURSION = YES;
				CLANG_WARN_INT_CONVERSION = YES;
				CLANG_WARN_NON_LITERAL_NULL_CONVERSION = YES;
				CLANG_WARN_OBJC_IMPLICIT_RETAIN_SELF = YES;
				CLANG_WARN_OBJC_LITERAL_CONVERSION = YES;
				CLANG_WARN_OBJC_ROOT_CLASS = YES_ERROR;
				CLANG_WARN_QUOTED_INCLUDE_IN_FRAMEWORK_HEADER = YES;
				CLANG_WARN_RANGE_LOOP_ANALYSIS = YES;
				CLANG_WARN_STRICT_PROTOTYPES = YES;
				CLANG_WARN_SUSPICIOUS_MOVE = YES;
				CLANG_WARN_UNGUARDED_AVAILABILITY = YES_AGGRESSIVE;
				CLANG_WARN_UNREACHABLE_CODE = YES;
				CLANG_WARN__DUPLICATE_METHOD_MATCH = YES;
				COPY_PHASE_STRIP = NO;
				DEBUG_INFORMATION_FORMAT = "dwarf-with-dsym";
				ENABLE_NS_ASSERTIONS = NO;
				ENABLE_STRICT_OBJC_MSGSEND = YES;
				ENABLE_USER_SCRIPT_SANDBOXING = YES;
				GCC_C_LANGUAGE_STANDARD = gnu17;
				GCC_NO_COMMON_BLOCKS = YES;
				GCC_WARN_64_TO_32_BIT_CONVERSION = YES;
				GCC_WARN_ABOUT_RETURN_TYPE = YES_ERROR;
				GCC_WARN_UNDECLARED_SELECTOR = YES;
				GCC_WARN_UNINITIALIZED_AUTOS = YES_AGGRESSIVE;
				GCC_WARN_UNUSED_FUNCTION = YES;
				GCC_WARN_UNUSED_VARIABLE = YES;
				IPHONEOS_DEPLOYMENT_TARGET = 17.4;
				LOCALIZATION_PREFERS_STRING_CATALOGS = YES;
				MTL_ENABLE_DEBUG_INFO = NO;
				MTL_FAST_MATH = YES;
				SDKROOT = iphoneos;
				SWIFT_COMPILATION_MODE = wholemodule;
				VALIDATE_PRODUCT = YES;
			};
			name = Release;
		};
		FF4FF4692BA8EE7E00B829DC /* Debug */ = {
			isa = XCBuildConfiguration;
			buildSettings = {
				ASSETCATALOG_COMPILER_APPICON_NAME = AppIcon;
				ASSETCATALOG_COMPILER_GLOBAL_ACCENT_COLOR_NAME = AccentColor;
				CODE_SIGN_STYLE = Automatic;
				CURRENT_PROJECT_VERSION = 1;
				DEVELOPMENT_TEAM = G3V3DSV847;
				GENERATE_INFOPLIST_FILE = YES;
				INFOPLIST_FILE = doccTest/Info.plist;
				INFOPLIST_KEY_UIApplicationSupportsIndirectInputEvents = YES;
				INFOPLIST_KEY_UILaunchStoryboardName = LaunchScreen;
				INFOPLIST_KEY_UIMainStoryboardFile = Main;
				INFOPLIST_KEY_UISupportedInterfaceOrientations_iPad = "UIInterfaceOrientationPortrait UIInterfaceOrientationPortraitUpsideDown UIInterfaceOrientationLandscapeLeft UIInterfaceOrientationLandscapeRight";
				INFOPLIST_KEY_UISupportedInterfaceOrientations_iPhone = "UIInterfaceOrientationPortrait UIInterfaceOrientationLandscapeLeft UIInterfaceOrientationLandscapeRight";
				LD_RUNPATH_SEARCH_PATHS = (
					"$(inherited)",
					"@executable_path/Frameworks",
				);
				MARKETING_VERSION = 1.0;
				PRODUCT_BUNDLE_IDENTIFIER = com.test.doccTest;
				PRODUCT_NAME = "$(TARGET_NAME)";
				SWIFT_EMIT_LOC_STRINGS = YES;
				SWIFT_VERSION = 5.0;
				TARGETED_DEVICE_FAMILY = "1,2";
			};
			name = Debug;
		};
		FF4FF46A2BA8EE7E00B829DC /* Release */ = {
			isa = XCBuildConfiguration;
			buildSettings = {
				ASSETCATALOG_COMPILER_APPICON_NAME = AppIcon;
				ASSETCATALOG_COMPILER_GLOBAL_ACCENT_COLOR_NAME = AccentColor;
				CODE_SIGN_STYLE = Automatic;
				CURRENT_PROJECT_VERSION = 1;
				DEVELOPMENT_TEAM = G3V3DSV847;
				GENERATE_INFOPLIST_FILE = YES;
				INFOPLIST_FILE = doccTest/Info.plist;
				INFOPLIST_KEY_UIApplicationSupportsIndirectInputEvents = YES;
				INFOPLIST_KEY_UILaunchStoryboardName = LaunchScreen;
				INFOPLIST_KEY_UIMainStoryboardFile = Main;
				INFOPLIST_KEY_UISupportedInterfaceOrientations_iPad = "UIInterfaceOrientationPortrait UIInterfaceOrientationPortraitUpsideDown UIInterfaceOrientationLandscapeLeft UIInterfaceOrientationLandscapeRight";
				INFOPLIST_KEY_UISupportedInterfaceOrientations_iPhone = "UIInterfaceOrientationPortrait UIInterfaceOrientationLandscapeLeft UIInterfaceOrientationLandscapeRight";
				LD_RUNPATH_SEARCH_PATHS = (
					"$(inherited)",
					"@executable_path/Frameworks",
				);
				MARKETING_VERSION = 1.0;
				PRODUCT_BUNDLE_IDENTIFIER = com.test.doccTest;
				PRODUCT_NAME = "$(TARGET_NAME)";
				SWIFT_EMIT_LOC_STRINGS = YES;
				SWIFT_VERSION = 5.0;
				TARGETED_DEVICE_FAMILY = "1,2";
			};
			name = Release;
		};
/* End XCBuildConfiguration section */

/* Begin XCConfigurationList section */
		FF4FF44F2BA8EE7D00B829DC /* Build configuration list for PBXProject "doccTest" */ = {
			isa = XCConfigurationList;
			buildConfigurations = (
				FF4FF4662BA8EE7E00B829DC /* Debug */,
				FF4FF4672BA8EE7E00B829DC /* Release */,
			);
			defaultConfigurationIsVisible = 0;
			defaultConfigurationName = Release;
		};
		FF4FF4682BA8EE7E00B829DC /* Build configuration list for PBXNativeTarget "doccTest" */ = {
			isa = XCConfigurationList;
			buildConfigurations = (
				FF4FF4692BA8EE7E00B829DC /* Debug */,
				FF4FF46A2BA8EE7E00B829DC /* Release */,
			);
			defaultConfigurationIsVisible = 0;
			defaultConfigurationName = Release;
		};
/* End XCConfigurationList section */
	};
	rootObject = FF4FF44C2BA8EE7D00B829DC /* Project object */;
}
